// !$*UTF8*$!
{
	archiveVersion = 1;
	classes = {
	};
	objectVersion = 46;
	objects = {

/* Begin PBXBuildFile section */
		F84A7AE71A2D87D10051862A /* lexer.c in Sources */ = {isa = PBXBuildFile; fileRef = F84A7AE51A2D87D10051862A /* lexer.c */; };
		F84A7AEB1A2D88DA0051862A /* token.c in Sources */ = {isa = PBXBuildFile; fileRef = F84A7AE91A2D88DA0051862A /* token.c */; };
		F84DD9301A2D2C9C00ED052E /* main.c in Sources */ = {isa = PBXBuildFile; fileRef = F84DD92F1A2D2C9C00ED052E /* main.c */; };
		F84DD93B1A2D318600ED052E /* tests in CopyFiles */ = {isa = PBXBuildFile; fileRef = F84DD93A1A2D316700ED052E /* tests */; };
		F84DD93E1A2E3D0800ED052E /* parser.c in Sources */ = {isa = PBXBuildFile; fileRef = F84DD93D1A2E3D0800ED052E /* parser.c */; };
		F84DD9401A2E504D00ED052E /* ast.c in Sources */ = {isa = PBXBuildFile; fileRef = F84DD93F1A2E504D00ED052E /* ast.c */; };
		F8597E281A2FAE4400383FCF /* analyzer.c in Sources */ = {isa = PBXBuildFile; fileRef = F8597E271A2FAE4400383FCF /* analyzer.c */; };
		F8597E2A1A2FBDD900383FCF /* spelling.c in Sources */ = {isa = PBXBuildFile; fileRef = F8597E291A2FBDD900383FCF /* spelling.c */; };
		F8597E2C1A2FC82900383FCF /* diag.c in Sources */ = {isa = PBXBuildFile; fileRef = F8597E2B1A2FC82900383FCF /* diag.c */; };
		F8597E2F1A2FD60500383FCF /* codegen.c in Sources */ = {isa = PBXBuildFile; fileRef = F8597E2E1A2FD60500383FCF /* codegen.c */; };
/* End PBXBuildFile section */

/* Begin PBXCopyFilesBuildPhase section */
		F84DD92A1A2D2C9C00ED052E /* CopyFiles */ = {
			isa = PBXCopyFilesBuildPhase;
			buildActionMask = 12;
			dstPath = "";
			dstSubfolderSpec = 16;
			files = (
				F84DD93B1A2D318600ED052E /* tests in CopyFiles */,
			);
			runOnlyForDeploymentPostprocessing = 0;
		};
/* End PBXCopyFilesBuildPhase section */

/* Begin PBXFileReference section */
		F84A7AE51A2D87D10051862A /* lexer.c */ = {isa = PBXFileReference; fileEncoding = 4; lastKnownFileType = sourcecode.c.c; path = lexer.c; sourceTree = "<group>"; };
		F84A7AE81A2D88480051862A /* clite.h */ = {isa = PBXFileReference; lastKnownFileType = sourcecode.c.h; path = clite.h; sourceTree = "<group>"; };
		F84A7AE91A2D88DA0051862A /* token.c */ = {isa = PBXFileReference; fileEncoding = 4; lastKnownFileType = sourcecode.c.c; path = token.c; sourceTree = "<group>"; };
		F84DD92C1A2D2C9C00ED052E /* lmac */ = {isa = PBXFileReference; explicitFileType = "compiled.mach-o.executable"; includeInIndex = 0; path = lmac; sourceTree = BUILT_PRODUCTS_DIR; };
		F84DD92F1A2D2C9C00ED052E /* main.c */ = {isa = PBXFileReference; lastKnownFileType = sourcecode.c.c; path = main.c; sourceTree = "<group>"; };
		F84DD93A1A2D316700ED052E /* tests */ = {isa = PBXFileReference; lastKnownFileType = folder; path = tests; sourceTree = "<group>"; };
		F84DD93C1A2D3FD600ED052E /* tokens.def.h */ = {isa = PBXFileReference; lastKnownFileType = sourcecode.c.h; path = tokens.def.h; sourceTree = "<group>"; };
		F84DD93D1A2E3D0800ED052E /* parser.c */ = {isa = PBXFileReference; fileEncoding = 4; lastKnownFileType = sourcecode.c.c; path = parser.c; sourceTree = "<group>"; };
		F84DD93F1A2E504D00ED052E /* ast.c */ = {isa = PBXFileReference; fileEncoding = 4; lastKnownFileType = sourcecode.c.c; path = ast.c; sourceTree = "<group>"; };
		F84DD9411A2E50CB00ED052E /* ast.def.h */ = {isa = PBXFileReference; lastKnownFileType = sourcecode.c.h; path = ast.def.h; sourceTree = "<group>"; };
		F8597E271A2FAE4400383FCF /* analyzer.c */ = {isa = PBXFileReference; fileEncoding = 4; lastKnownFileType = sourcecode.c.c; path = analyzer.c; sourceTree = "<group>"; };
		F8597E291A2FBDD900383FCF /* spelling.c */ = {isa = PBXFileReference; fileEncoding = 4; lastKnownFileType = sourcecode.c.c; path = spelling.c; sourceTree = "<group>"; };
		F8597E2B1A2FC82900383FCF /* diag.c */ = {isa = PBXFileReference; fileEncoding = 4; lastKnownFileType = sourcecode.c.c; path = diag.c; sourceTree = "<group>"; };
		F8597E2D1A2FC8A600383FCF /* diag.def.h */ = {isa = PBXFileReference; lastKnownFileType = sourcecode.c.h; path = diag.def.h; sourceTree = "<group>"; };
		F8597E2E1A2FD60500383FCF /* codegen.c */ = {isa = PBXFileReference; fileEncoding = 4; lastKnownFileType = sourcecode.c.c; path = codegen.c; sourceTree = "<group>"; };
/* End PBXFileReference section */

/* Begin PBXFrameworksBuildPhase section */
		F84DD9291A2D2C9C00ED052E /* Frameworks */ = {
			isa = PBXFrameworksBuildPhase;
			buildActionMask = 2147483647;
			files = (
			);
			runOnlyForDeploymentPostprocessing = 0;
		};
/* End PBXFrameworksBuildPhase section */

/* Begin PBXGroup section */
		F84DD9231A2D2C9C00ED052E = {
			isa = PBXGroup;
			children = (
				F84DD92E1A2D2C9C00ED052E /* lmac */,
				F84DD92D1A2D2C9C00ED052E /* Products */,
			);
			sourceTree = "<group>";
		};
		F84DD92D1A2D2C9C00ED052E /* Products */ = {
			isa = PBXGroup;
			children = (
				F84DD92C1A2D2C9C00ED052E /* lmac */,
			);
			name = Products;
			sourceTree = "<group>";
		};
		F84DD92E1A2D2C9C00ED052E /* lmac */ = {
			isa = PBXGroup;
			children = (
				F84DD93A1A2D316700ED052E /* tests */,
				F84A7AE81A2D88480051862A /* clite.h */,
				F84DD93C1A2D3FD600ED052E /* tokens.def.h */,
				F84DD9411A2E50CB00ED052E /* ast.def.h */,
				F8597E2D1A2FC8A600383FCF /* diag.def.h */,
				F84A7AE51A2D87D10051862A /* lexer.c */,
				F84A7AE91A2D88DA0051862A /* token.c */,
				F84DD93D1A2E3D0800ED052E /* parser.c */,
				F84DD93F1A2E504D00ED052E /* ast.c */,
				F8597E271A2FAE4400383FCF /* analyzer.c */,
				F8597E291A2FBDD900383FCF /* spelling.c */,
				F8597E2B1A2FC82900383FCF /* diag.c */,
				F8597E2E1A2FD60500383FCF /* codegen.c */,
				F84DD92F1A2D2C9C00ED052E /* main.c */,
			);
			path = lmac;
			sourceTree = "<group>";
		};
/* End PBXGroup section */

/* Begin PBXNativeTarget section */
		F84DD92B1A2D2C9C00ED052E /* lmac */ = {
			isa = PBXNativeTarget;
			buildConfigurationList = F84DD9331A2D2C9C00ED052E /* Build configuration list for PBXNativeTarget "lmac" */;
			buildPhases = (
				F84DD9281A2D2C9C00ED052E /* Sources */,
				F84DD9291A2D2C9C00ED052E /* Frameworks */,
				F84DD92A1A2D2C9C00ED052E /* CopyFiles */,
			);
			buildRules = (
			);
			dependencies = (
			);
			name = lmac;
			productName = lmac;
			productReference = F84DD92C1A2D2C9C00ED052E /* lmac */;
			productType = "com.apple.product-type.tool";
		};
/* End PBXNativeTarget section */

/* Begin PBXProject section */
		F84DD9241A2D2C9C00ED052E /* Project object */ = {
			isa = PBXProject;
			attributes = {
				LastUpgradeCheck = 0610;
				ORGANIZATIONNAME = "Breckin Loggins";
				TargetAttributes = {
					F84DD92B1A2D2C9C00ED052E = {
						CreatedOnToolsVersion = 6.1;
					};
				};
			};
			buildConfigurationList = F84DD9271A2D2C9C00ED052E /* Build configuration list for PBXProject "lmac" */;
			compatibilityVersion = "Xcode 3.2";
			developmentRegion = English;
			hasScannedForEncodings = 0;
			knownRegions = (
				en,
			);
			mainGroup = F84DD9231A2D2C9C00ED052E;
			productRefGroup = F84DD92D1A2D2C9C00ED052E /* Products */;
			projectDirPath = "";
			projectRoot = "";
			targets = (
				F84DD92B1A2D2C9C00ED052E /* lmac */,
			);
		};
/* End PBXProject section */

/* Begin PBXSourcesBuildPhase section */
		F84DD9281A2D2C9C00ED052E /* Sources */ = {
			isa = PBXSourcesBuildPhase;
			buildActionMask = 2147483647;
			files = (
				F8597E2F1A2FD60500383FCF /* codegen.c in Sources */,
				F84A7AEB1A2D88DA0051862A /* token.c in Sources */,
				F84DD9401A2E504D00ED052E /* ast.c in Sources */,
				F84A7AE71A2D87D10051862A /* lexer.c in Sources */,
				F84DD93E1A2E3D0800ED052E /* parser.c in Sources */,
				F8597E2C1A2FC82900383FCF /* diag.c in Sources */,
				F8597E2A1A2FBDD900383FCF /* spelling.c in Sources */,
				F84DD9301A2D2C9C00ED052E /* main.c in Sources */,
				F8597E281A2FAE4400383FCF /* analyzer.c in Sources */,
			);
			runOnlyForDeploymentPostprocessing = 0;
		};
/* End PBXSourcesBuildPhase section */

/* Begin XCBuildConfiguration section */
		F84DD9311A2D2C9C00ED052E /* Debug */ = {
			isa = XCBuildConfiguration;
			buildSettings = {
				ALWAYS_SEARCH_USER_PATHS = NO;
				CLANG_CXX_LANGUAGE_STANDARD = "gnu++0x";
				CLANG_CXX_LIBRARY = "libc++";
				CLANG_ENABLE_MODULES = YES;
				CLANG_ENABLE_OBJC_ARC = YES;
				CLANG_WARN_BOOL_CONVERSION = YES;
				CLANG_WARN_CONSTANT_CONVERSION = YES;
				CLANG_WARN_DIRECT_OBJC_ISA_USAGE = YES_ERROR;
				CLANG_WARN_EMPTY_BODY = YES;
				CLANG_WARN_ENUM_CONVERSION = YES;
				CLANG_WARN_INT_CONVERSION = YES;
				CLANG_WARN_OBJC_ROOT_CLASS = YES_ERROR;
				CLANG_WARN_UNREACHABLE_CODE = YES;
				CLANG_WARN__DUPLICATE_METHOD_MATCH = YES;
				COPY_PHASE_STRIP = NO;
				ENABLE_STRICT_OBJC_MSGSEND = YES;
				GCC_C_LANGUAGE_STANDARD = gnu99;
				GCC_DYNAMIC_NO_PIC = NO;
				GCC_OPTIMIZATION_LEVEL = 0;
				GCC_PREPROCESSOR_DEFINITIONS = (
					"DEBUG=1",
					"$(inherited)",
				);
				GCC_SYMBOLS_PRIVATE_EXTERN = NO;
				GCC_WARN_64_TO_32_BIT_CONVERSION = YES;
				GCC_WARN_ABOUT_RETURN_TYPE = YES_ERROR;
				GCC_WARN_UNDECLARED_SELECTOR = YES;
				GCC_WARN_UNINITIALIZED_AUTOS = YES_AGGRESSIVE;
				GCC_WARN_UNUSED_FUNCTION = YES;
				GCC_WARN_UNUSED_VARIABLE = YES;
				MACOSX_DEPLOYMENT_TARGET = 10.10;
				MTL_ENABLE_DEBUG_INFO = YES;
				ONLY_ACTIVE_ARCH = YES;
				SDKROOT = macosx;
			};
			name = Debug;
		};
		F84DD9321A2D2C9C00ED052E /* Release */ = {
			isa = XCBuildConfiguration;
			buildSettings = {
				ALWAYS_SEARCH_USER_PATHS = NO;
				CLANG_CXX_LANGUAGE_STANDARD = "gnu++0x";
				CLANG_CXX_LIBRARY = "libc++";
				CLANG_ENABLE_MODULES = YES;
				CLANG_ENABLE_OBJC_ARC = YES;
				CLANG_WARN_BOOL_CONVERSION = YES;
				CLANG_WARN_CONSTANT_CONVERSION = YES;
				CLANG_WARN_DIRECT_OBJC_ISA_USAGE = YES_ERROR;
				CLANG_WARN_EMPTY_BODY = YES;
				CLANG_WARN_ENUM_CONVERSION = YES;
				CLANG_WARN_INT_CONVERSION = YES;
				CLANG_WARN_OBJC_ROOT_CLASS = YES_ERROR;
				CLANG_WARN_UNREACHABLE_CODE = YES;
				CLANG_WARN__DUPLICATE_METHOD_MATCH = YES;
				COPY_PHASE_STRIP = YES;
				DEBUG_INFORMATION_FORMAT = "dwarf-with-dsym";
				ENABLE_NS_ASSERTIONS = NO;
				ENABLE_STRICT_OBJC_MSGSEND = YES;
				GCC_C_LANGUAGE_STANDARD = gnu99;
				GCC_WARN_64_TO_32_BIT_CONVERSION = YES;
				GCC_WARN_ABOUT_RETURN_TYPE = YES_ERROR;
				GCC_WARN_UNDECLARED_SELECTOR = YES;
				GCC_WARN_UNINITIALIZED_AUTOS = YES_AGGRESSIVE;
				GCC_WARN_UNUSED_FUNCTION = YES;
				GCC_WARN_UNUSED_VARIABLE = YES;
				MACOSX_DEPLOYMENT_TARGET = 10.10;
				MTL_ENABLE_DEBUG_INFO = NO;
				SDKROOT = macosx;
			};
			name = Release;
		};
		F84DD9341A2D2C9C00ED052E /* Debug */ = {
			isa = XCBuildConfiguration;
			buildSettings = {
				MACOSX_DEPLOYMENT_TARGET = "";
				PRODUCT_NAME = "$(TARGET_NAME)";
			};
			name = Debug;
		};
		F84DD9351A2D2C9C00ED052E /* Release */ = {
			isa = XCBuildConfiguration;
			buildSettings = {
				MACOSX_DEPLOYMENT_TARGET = "";
				PRODUCT_NAME = "$(TARGET_NAME)";
			};
			name = Release;
		};
/* End XCBuildConfiguration section */

/* Begin XCConfigurationList section */
		F84DD9271A2D2C9C00ED052E /* Build configuration list for PBXProject "lmac" */ = {
			isa = XCConfigurationList;
			buildConfigurations = (
				F84DD9311A2D2C9C00ED052E /* Debug */,
				F84DD9321A2D2C9C00ED052E /* Release */,
			);
			defaultConfigurationIsVisible = 0;
			defaultConfigurationName = Release;
		};
		F84DD9331A2D2C9C00ED052E /* Build configuration list for PBXNativeTarget "lmac" */ = {
			isa = XCConfigurationList;
			buildConfigurations = (
				F84DD9341A2D2C9C00ED052E /* Debug */,
				F84DD9351A2D2C9C00ED052E /* Release */,
			);
			defaultConfigurationIsVisible = 0;
			defaultConfigurationName = Release;
		};
/* End XCConfigurationList section */
	};
	rootObject = F84DD9241A2D2C9C00ED052E /* Project object */;
}
